
Microsoft Visual Studio Solution File, Format Version 12.00
# Visual Studio Version 17
VisualStudioVersion = 17.11.35327.3
MinimumVisualStudioVersion = 10.0.40219.1
Project("{2150E333-8FDC-42A3-9474-1A3956D46DE8}") = "1.Algorithms And Data Structure", "1.Algorithms And Data Structure", "{812BB6CF-284E-45CE-A48B-27A99E21D38F}"
EndProject
Project("{2150E333-8FDC-42A3-9474-1A3956D46DE8}") = "1.1String and Array Manipulation", "1.1String and Array Manipulation", "{65B696C3-7C2B-49F8-9A12-EB5E3CCA5F7B}"
EndProject
Project("{2150E333-8FDC-42A3-9474-1A3956D46DE8}") = "2.Logic  Problem Solving Challenges", "2.Logic  Problem Solving Challenges", "{AA7AD9D2-FE9D-4F5F-AD03-60226C7DB157}"
EndProject
Project("{2150E333-8FDC-42A3-9474-1A3956D46DE8}") = "4.Object-Oriented Programming", "4.Object-Oriented Programming", "{293B631F-9DEB-4A5D-9319-26E347B87459}"
EndProject
Project("{2150E333-8FDC-42A3-9474-1A3956D46DE8}") = "3.LINQ and Collections", "3.LINQ and Collections", "{686F0954-DBC7-4CD1-B5E9-29F5C2861761}"
EndProject
Project("{2150E333-8FDC-42A3-9474-1A3956D46DE8}") = "5.Multithreading Asynchronous Programming", "5.Multithreading Asynchronous Programming", "{9B092C76-EB7B-4C2C-8613-05F627B57395}"
EndProject
Project("{2150E333-8FDC-42A3-9474-1A3956D46DE8}") = "6.Testing TDD", "6.Testing TDD", "{0355FEAB-23BC-4A93-8949-50FA01DAD17A}"
EndProject
Project("{FAE04EC0-301F-11D3-BF4B-00C04F79EFBC}") = "Services", "Services\Services.csproj", "{927E3D1A-2554-48D9-B67A-96269DD46A33}"
EndProject
Project("{FAE04EC0-301F-11D3-BF4B-00C04F79EFBC}") = "ServicesTests", "ServicesTests\ServicesTests.csproj", "{D4F1FE14-2C81-4F21-A9C1-0E045A8C7057}"
EndProject
Project("{FAE04EC0-301F-11D3-BF4B-00C04F79EFBC}") = "LinqConsole", "LinqConsole\LinqConsole.csproj", "{3CAD45E9-40BE-4D43-8B02-3609D9957220}"
EndProject
Project("{FAE04EC0-301F-11D3-BF4B-00C04F79EFBC}") = "LinqClasses", "LinqClasses\LinqClasses.csproj", "{837B59FD-477C-4EBB-81C1-204D1897B817}"
EndProject
Project("{FAE04EC0-301F-11D3-BF4B-00C04F79EFBC}") = "OOPConsole", "OOPConsole\OOPConsole.csproj", "{68CA60B6-A9A8-4ADD-8CDE-3A557A313D56}"
EndProject
Project("{FAE04EC0-301F-11D3-BF4B-00C04F79EFBC}") = "OOPClasses", "OOPClasses\OOPClasses.csproj", "{4D49726B-EB19-490A-8A91-AF08C4322DB3}"
EndProject
Project("{FAE04EC0-301F-11D3-BF4B-00C04F79EFBC}") = "Exercise1", "Exercise1\Exercise1.csproj", "{9EBF6369-5512-4B88-B118-406C0AA9C4C8}"
EndProject
Project("{FAE04EC0-301F-11D3-BF4B-00C04F79EFBC}") = "Exercise2", "Exercise2\Exercise2.csproj", "{CECFB9D5-7DB9-41D5-8F25-CD446F5A4AF1}"
EndProject
Project("{FAE04EC0-301F-11D3-BF4B-00C04F79EFBC}") = "Exercise3", "Exercise3\Exercise3.csproj", "{AC77E4E5-3B0B-4B02-9F25-8DD35102EE9B}"
EndProject
Project("{FAE04EC0-301F-11D3-BF4B-00C04F79EFBC}") = "Exercise4", "Exercise4\Exercise4.csproj", "{0A9FA6A4-5297-40EF-9C67-CF079A105E47}"
EndProject
Global
	GlobalSection(SolutionConfigurationPlatforms) = preSolution
		Debug|Any CPU = Debug|Any CPU
		Release|Any CPU = Release|Any CPU
	EndGlobalSection
	GlobalSection(ProjectConfigurationPlatforms) = postSolution
		{927E3D1A-2554-48D9-B67A-96269DD46A33}.Debug|Any CPU.ActiveCfg = Debug|Any CPU
		{927E3D1A-2554-48D9-B67A-96269DD46A33}.Debug|Any CPU.Build.0 = Debug|Any CPU
		{927E3D1A-2554-48D9-B67A-96269DD46A33}.Release|Any CPU.ActiveCfg = Release|Any CPU
		{927E3D1A-2554-48D9-B67A-96269DD46A33}.Release|Any CPU.Build.0 = Release|Any CPU
		{D4F1FE14-2C81-4F21-A9C1-0E045A8C7057}.Debug|Any CPU.ActiveCfg = Debug|Any CPU
		{D4F1FE14-2C81-4F21-A9C1-0E045A8C7057}.Debug|Any CPU.Build.0 = Debug|Any CPU
		{D4F1FE14-2C81-4F21-A9C1-0E045A8C7057}.Release|Any CPU.ActiveCfg = Release|Any CPU
		{D4F1FE14-2C81-4F21-A9C1-0E045A8C7057}.Release|Any CPU.Build.0 = Release|Any CPU
		{3CAD45E9-40BE-4D43-8B02-3609D9957220}.Debug|Any CPU.ActiveCfg = Debug|Any CPU
		{3CAD45E9-40BE-4D43-8B02-3609D9957220}.Debug|Any CPU.Build.0 = Debug|Any CPU
		{3CAD45E9-40BE-4D43-8B02-3609D9957220}.Release|Any CPU.ActiveCfg = Release|Any CPU
		{3CAD45E9-40BE-4D43-8B02-3609D9957220}.Release|Any CPU.Build.0 = Release|Any CPU
		{837B59FD-477C-4EBB-81C1-204D1897B817}.Debug|Any CPU.ActiveCfg = Debug|Any CPU
		{837B59FD-477C-4EBB-81C1-204D1897B817}.Debug|Any CPU.Build.0 = Debug|Any CPU
		{837B59FD-477C-4EBB-81C1-204D1897B817}.Release|Any CPU.ActiveCfg = Release|Any CPU
		{837B59FD-477C-4EBB-81C1-204D1897B817}.Release|Any CPU.Build.0 = Release|Any CPU
		{68CA60B6-A9A8-4ADD-8CDE-3A557A313D56}.Debug|Any CPU.ActiveCfg = Debug|Any CPU
		{68CA60B6-A9A8-4ADD-8CDE-3A557A313D56}.Debug|Any CPU.Build.0 = Debug|Any CPU
		{68CA60B6-A9A8-4ADD-8CDE-3A557A313D56}.Release|Any CPU.ActiveCfg = Release|Any CPU
		{68CA60B6-A9A8-4ADD-8CDE-3A557A313D56}.Release|Any CPU.Build.0 = Release|Any CPU
		{4D49726B-EB19-490A-8A91-AF08C4322DB3}.Debug|Any CPU.ActiveCfg = Debug|Any CPU
		{4D49726B-EB19-490A-8A91-AF08C4322DB3}.Debug|Any CPU.Build.0 = Debug|Any CPU
		{4D49726B-EB19-490A-8A91-AF08C4322DB3}.Release|Any CPU.ActiveCfg = Release|Any CPU
		{4D49726B-EB19-490A-8A91-AF08C4322DB3}.Release|Any CPU.Build.0 = Release|Any CPU
		{9EBF6369-5512-4B88-B118-406C0AA9C4C8}.Debug|Any CPU.ActiveCfg = Debug|Any CPU
		{9EBF6369-5512-4B88-B118-406C0AA9C4C8}.Debug|Any CPU.Build.0 = Debug|Any CPU
		{9EBF6369-5512-4B88-B118-406C0AA9C4C8}.Release|Any CPU.ActiveCfg = Release|Any CPU
		{9EBF6369-5512-4B88-B118-406C0AA9C4C8}.Release|Any CPU.Build.0 = Release|Any CPU
		{CECFB9D5-7DB9-41D5-8F25-CD446F5A4AF1}.Debug|Any CPU.ActiveCfg = Debug|Any CPU
		{CECFB9D5-7DB9-41D5-8F25-CD446F5A4AF1}.Debug|Any CPU.Build.0 = Debug|Any CPU
		{CECFB9D5-7DB9-41D5-8F25-CD446F5A4AF1}.Release|Any CPU.ActiveCfg = Release|Any CPU
		{CECFB9D5-7DB9-41D5-8F25-CD446F5A4AF1}.Release|Any CPU.Build.0 = Release|Any CPU
		{AC77E4E5-3B0B-4B02-9F25-8DD35102EE9B}.Debug|Any CPU.ActiveCfg = Debug|Any CPU
		{AC77E4E5-3B0B-4B02-9F25-8DD35102EE9B}.Debug|Any CPU.Build.0 = Debug|Any CPU
		{AC77E4E5-3B0B-4B02-9F25-8DD35102EE9B}.Release|Any CPU.ActiveCfg = Release|Any CPU
		{AC77E4E5-3B0B-4B02-9F25-8DD35102EE9B}.Release|Any CPU.Build.0 = Release|Any CPU
		{0A9FA6A4-5297-40EF-9C67-CF079A105E47}.Debug|Any CPU.ActiveCfg = Debug|Any CPU
		{0A9FA6A4-5297-40EF-9C67-CF079A105E47}.Debug|Any CPU.Build.0 = Debug|Any CPU
		{0A9FA6A4-5297-40EF-9C67-CF079A105E47}.Release|Any CPU.ActiveCfg = Release|Any CPU
		{0A9FA6A4-5297-40EF-9C67-CF079A105E47}.Release|Any CPU.Build.0 = Release|Any CPU
	EndGlobalSection
	GlobalSection(SolutionProperties) = preSolution
		HideSolutionNode = FALSE
	EndGlobalSection
	GlobalSection(NestedProjects) = preSolution
		{65B696C3-7C2B-49F8-9A12-EB5E3CCA5F7B} = {812BB6CF-284E-45CE-A48B-27A99E21D38F}
		{927E3D1A-2554-48D9-B67A-96269DD46A33} = {0355FEAB-23BC-4A93-8949-50FA01DAD17A}
		{D4F1FE14-2C81-4F21-A9C1-0E045A8C7057} = {0355FEAB-23BC-4A93-8949-50FA01DAD17A}
		{3CAD45E9-40BE-4D43-8B02-3609D9957220} = {686F0954-DBC7-4CD1-B5E9-29F5C2861761}
		{837B59FD-477C-4EBB-81C1-204D1897B817} = {686F0954-DBC7-4CD1-B5E9-29F5C2861761}
		{68CA60B6-A9A8-4ADD-8CDE-3A557A313D56} = {293B631F-9DEB-4A5D-9319-26E347B87459}
		{4D49726B-EB19-490A-8A91-AF08C4322DB3} = {293B631F-9DEB-4A5D-9319-26E347B87459}
		{9EBF6369-5512-4B88-B118-406C0AA9C4C8} = {65B696C3-7C2B-49F8-9A12-EB5E3CCA5F7B}
		{CECFB9D5-7DB9-41D5-8F25-CD446F5A4AF1} = {65B696C3-7C2B-49F8-9A12-EB5E3CCA5F7B}
		{AC77E4E5-3B0B-4B02-9F25-8DD35102EE9B} = {65B696C3-7C2B-49F8-9A12-EB5E3CCA5F7B}
		{0A9FA6A4-5297-40EF-9C67-CF079A105E47} = {65B696C3-7C2B-49F8-9A12-EB5E3CCA5F7B}
	EndGlobalSection
	GlobalSection(ExtensibilityGlobals) = postSolution
		SolutionGuid = {59599D3B-A11C-46B6-8096-CA96452A2B3E}
	EndGlobalSection
EndGlobal
